
Microsoft Visual Studio Solution File, Format Version 12.00
# Visual Studio 15
VisualStudioVersion = 15.0.27130.2010
MinimumVisualStudioVersion = 10.0.40219.1
Project("{8BC9CEB8-8B4A-11D0-8D11-00A0C91BC942}") = "t04", "t04\t04.vcxproj", "{B91ACC14-3146-4662-8F17-3895E966AC7C}"
EndProject
Global
	GlobalSection(SolutionConfigurationPlatforms) = preSolution
		Debug|x64 = Debug|x64
		Debug|x86 = Debug|x86
		Release|x64 = Release|x64
		Release|x86 = Release|x86
	EndGlobalSection
	GlobalSection(ProjectConfigurationPlatforms) = postSolution
		{B91ACC14-3146-4662-8F17-3895E966AC7C}.Debug|x64.ActiveCfg = Debug|x64
		{B91ACC14-3146-4662-8F17-3895E966AC7C}.Debug|x64.Build.0 = Debug|x64
		{B91ACC14-3146-4662-8F17-3895E966AC7C}.Debug|x86.ActiveCfg = Debug|Win32
		{B91ACC14-3146-4662-8F17-3895E966AC7C}.Debug|x86.Build.0 = Debug|Win32
		{B91ACC14-3146-4662-8F17-3895E966AC7C}.Release|x64.ActiveCfg = Release|x64
		{B91ACC14-3146-4662-8F17-3895E966AC7C}.Release|x64.Build.0 = Release|x64
		{B91ACC14-3146-4662-8F17-3895E966AC7C}.Release|x86.ActiveCfg = Release|Win32
		{B91ACC14-3146-4662-8F17-3895E966AC7C}.Release|x86.Build.0 = Release|Win32
	EndGlobalSection
	GlobalSection(SolutionProperties) = preSolution
		HideSolutionNode = FALSE
	EndGlobalSection
	GlobalSection(ExtensibilityGlobals) = postSolution
		SolutionGuid = {7DC3717B-985C-4ACB-98A0-0EE20E46AFF9}
	EndGlobalSection
EndGlobal
